
Microsoft Visual Studio Solution File, Format Version 12.00
# Visual Studio 14
VisualStudioVersion = 14.0.25420.1
MinimumVisualStudioVersion = 10.0.40219.1
Project("{8BC9CEB8-8B4A-11D0-8D11-00A0C91BC942}") = "ZLIBUtils", "ZLIBUtils\ZLIBUtils.vcxproj", "{E1D44EB1-5CBE-446D-9ED2-750BB20F74C6}"
EndProject
Project("{8BC9CEB8-8B4A-11D0-8D11-00A0C91BC942}") = "ReaourcesManager", "ReaourcesManager\ReaourcesManager.vcxproj", "{7C7CCFB5-358B-4232-AF70-A9E69281D9CA}"
EndProject
Project("{8BC9CEB8-8B4A-11D0-8D11-00A0C91BC942}") = "ZIPUtils", "ZIPUtils\ZIPUtils.vcxproj", "{065FD0ED-A2EE-4A7C-8C1D-2265705A5D63}"
EndProject
Global
	GlobalSection(SolutionConfigurationPlatforms) = preSolution
		Debug|x64 = Debug|x64
		Debug|x86 = Debug|x86
		Release|x64 = Release|x64
		Release|x86 = Release|x86
	EndGlobalSection
	GlobalSection(ProjectConfigurationPlatforms) = postSolution
		{E1D44EB1-5CBE-446D-9ED2-750BB20F74C6}.Debug|x64.ActiveCfg = Debug|x64
		{E1D44EB1-5CBE-446D-9ED2-750BB20F74C6}.Debug|x64.Build.0 = Debug|x64
		{E1D44EB1-5CBE-446D-9ED2-750BB20F74C6}.Debug|x86.ActiveCfg = Debug|Win32
		{E1D44EB1-5CBE-446D-9ED2-750BB20F74C6}.Debug|x86.Build.0 = Debug|Win32
		{E1D44EB1-5CBE-446D-9ED2-750BB20F74C6}.Release|x64.ActiveCfg = Release|x64
		{E1D44EB1-5CBE-446D-9ED2-750BB20F74C6}.Release|x64.Build.0 = Release|x64
		{E1D44EB1-5CBE-446D-9ED2-750BB20F74C6}.Release|x86.ActiveCfg = Release|Win32
		{E1D44EB1-5CBE-446D-9ED2-750BB20F74C6}.Release|x86.Build.0 = Release|Win32
		{7C7CCFB5-358B-4232-AF70-A9E69281D9CA}.Debug|x64.ActiveCfg = Debug|x64
		{7C7CCFB5-358B-4232-AF70-A9E69281D9CA}.Debug|x64.Build.0 = Debug|x64
		{7C7CCFB5-358B-4232-AF70-A9E69281D9CA}.Debug|x86.ActiveCfg = Debug|Win32
		{7C7CCFB5-358B-4232-AF70-A9E69281D9CA}.Debug|x86.Build.0 = Debug|Win32
		{7C7CCFB5-358B-4232-AF70-A9E69281D9CA}.Release|x64.ActiveCfg = Release|x64
		{7C7CCFB5-358B-4232-AF70-A9E69281D9CA}.Release|x64.Build.0 = Release|x64
		{7C7CCFB5-358B-4232-AF70-A9E69281D9CA}.Release|x86.ActiveCfg = Release|Win32
		{7C7CCFB5-358B-4232-AF70-A9E69281D9CA}.Release|x86.Build.0 = Release|Win32
		{065FD0ED-A2EE-4A7C-8C1D-2265705A5D63}.Debug|x64.ActiveCfg = Debug|x64
		{065FD0ED-A2EE-4A7C-8C1D-2265705A5D63}.Debug|x64.Build.0 = Debug|x64
		{065FD0ED-A2EE-4A7C-8C1D-2265705A5D63}.Debug|x86.ActiveCfg = Debug|Win32
		{065FD0ED-A2EE-4A7C-8C1D-2265705A5D63}.Debug|x86.Build.0 = Debug|Win32
		{065FD0ED-A2EE-4A7C-8C1D-2265705A5D63}.Release|x64.ActiveCfg = Release|x64
		{065FD0ED-A2EE-4A7C-8C1D-2265705A5D63}.Release|x64.Build.0 = Release|x64
		{065FD0ED-A2EE-4A7C-8C1D-2265705A5D63}.Release|x86.ActiveCfg = Release|Win32
		{065FD0ED-A2EE-4A7C-8C1D-2265705A5D63}.Release|x86.Build.0 = Release|Win32
	EndGlobalSection
	GlobalSection(SolutionProperties) = preSolution
		HideSolutionNode = FALSE
	EndGlobalSection
EndGlobal
