<?xml version="1.0" encoding="utf-8"?>
<Project ToolsVersion="4.0" xmlns="http://schemas.microsoft.com/developer/msbuild/2003">
  <ItemGroup>
    <Filter Include="源文件">
      <UniqueIdentifier>{4FC737F1-C7A5-4376-A066-2A32D752A2FF}</UniqueIdentifier>
      <Extensions>cpp;c;cc;cxx;def;odl;idl;hpj;bat;asm;asmx</Extensions>
    </Filter>
    <Filter Include="头文件">
      <UniqueIdentifier>{93995380-89BD-4b04-88EB-625FBE52EBFB}</UniqueIdentifier>
      <Extensions>h;hh;hpp;hxx;hm;inl;inc;xsd</Extensions>
    </Filter>
    <Filter Include="资源文件">
      <UniqueIdentifier>{67DA6AB6-F800-4c08-8B7A-83BB121AAD01}</UniqueIdentifier>
      <Extensions>rc;ico;cur;bmp;dlg;rc2;rct;bin;rgs;gif;jpg;jpeg;jpe;resx;tiff;tif;png;wav;mfcribbon-ms</Extensions>
    </Filter>
  </ItemGroup>
  <ItemGroup>
    <ClInclude Include="RemoteThread.hpp">
      <Filter>源文件</Filter>
    </ClInclude>
    <ClInclude Include="..\..\..\..\C++space\Convert\Convert\convert.h">
      <Filter>资源文件</Filter>
    </ClInclude>
    <ClInclude Include="ServiceRemoteThread.hpp">
      <Filter>源文件</Filter>
    </ClInclude>
    <ClInclude Include="DLLUtils.h">
      <Filter>头文件</Filter>
    </ClInclude>
    <ClInclude Include="..\..\..\..\C++space\StringTools\StringTools\StringHead.h">
      <Filter>资源文件</Filter>
    </ClInclude>
    <ClInclude Include="ExpDefine.h">
      <Filter>头文件</Filter>
    </ClInclude>
    <ClInclude Include="..\..\..\File\FileManager\FileManager\FileManager.h">
      <Filter>资源文件</Filter>
    </ClInclude>
    <ClInclude Include="..\..\..\File\FileManager\FileManager\FileAttrHelper.h">
      <Filter>资源文件</Filter>
    </ClInclude>
  </ItemGroup>
  <ItemGroup>
    <ClCompile Include="..\..\..\..\C++space\Convert\Convert\Convert.cpp">
      <Filter>资源文件</Filter>
    </ClCompile>
    <ClCompile Include="DLLUtils.cpp">
      <Filter>头文件</Filter>
    </ClCompile>
    <ClCompile Include="Other.cpp">
      <Filter>源文件</Filter>
    </ClCompile>
    <ClCompile Include="..\..\..\File\FileManager\FileManager\FileManager.cpp">
      <Filter>资源文件</Filter>
    </ClCompile>
    <ClCompile Include="mainBook.cpp">
      <Filter>源文件</Filter>
    </ClCompile>
    <ClCompile Include="..\..\..\Process\WindowsProcessHelper\CreateProcess\ProcessHelper_Info.cpp">
      <Filter>资源文件</Filter>
    </ClCompile>
    <ClCompile Include="..\..\..\File\FileManager\FileManager\FileAttrHelper.cpp">
      <Filter>资源文件</Filter>
    </ClCompile>
  </ItemGroup>
</Project>