
Microsoft Visual Studio Solution File, Format Version 12.00
# Visual Studio 14
VisualStudioVersion = 14.0.25420.1
MinimumVisualStudioVersion = 10.0.40219.1
Project("{8BC9CEB8-8B4A-11D0-8D11-00A0C91BC942}") = "FileManager", "FileManager\FileManager.vcxproj", "{0B2B1255-FE01-4ABC-BFBA-8A5CB4B8D74B}"
EndProject
Project("{8BC9CEB8-8B4A-11D0-8D11-00A0C91BC942}") = "CppFile", "..\FileIO\FileIO\FileIO.vcxproj", "{CFD0B005-A8CD-451F-A613-B17B5B4962B0}"
EndProject
Project("{8BC9CEB8-8B4A-11D0-8D11-00A0C91BC942}") = "CFile", "..\FileIO\CFile\CFile.vcxproj", "{C58BEE1B-7B86-48A4-BC64-0ABC98F0AB1F}"
EndProject
Global
	GlobalSection(SolutionConfigurationPlatforms) = preSolution
		Debug|x64 = Debug|x64
		Debug|x86 = Debug|x86
		Release|x64 = Release|x64
		Release|x86 = Release|x86
	EndGlobalSection
	GlobalSection(ProjectConfigurationPlatforms) = postSolution
		{0B2B1255-FE01-4ABC-BFBA-8A5CB4B8D74B}.Debug|x64.ActiveCfg = Debug|x64
		{0B2B1255-FE01-4ABC-BFBA-8A5CB4B8D74B}.Debug|x64.Build.0 = Debug|x64
		{0B2B1255-FE01-4ABC-BFBA-8A5CB4B8D74B}.Debug|x86.ActiveCfg = Debug|Win32
		{0B2B1255-FE01-4ABC-BFBA-8A5CB4B8D74B}.Debug|x86.Build.0 = Debug|Win32
		{0B2B1255-FE01-4ABC-BFBA-8A5CB4B8D74B}.Release|x64.ActiveCfg = Release|x64
		{0B2B1255-FE01-4ABC-BFBA-8A5CB4B8D74B}.Release|x64.Build.0 = Release|x64
		{0B2B1255-FE01-4ABC-BFBA-8A5CB4B8D74B}.Release|x86.ActiveCfg = Release|Win32
		{0B2B1255-FE01-4ABC-BFBA-8A5CB4B8D74B}.Release|x86.Build.0 = Release|Win32
		{CFD0B005-A8CD-451F-A613-B17B5B4962B0}.Debug|x64.ActiveCfg = Debug|x64
		{CFD0B005-A8CD-451F-A613-B17B5B4962B0}.Debug|x64.Build.0 = Debug|x64
		{CFD0B005-A8CD-451F-A613-B17B5B4962B0}.Debug|x86.ActiveCfg = Debug|Win32
		{CFD0B005-A8CD-451F-A613-B17B5B4962B0}.Debug|x86.Build.0 = Debug|Win32
		{CFD0B005-A8CD-451F-A613-B17B5B4962B0}.Release|x64.ActiveCfg = Release|x64
		{CFD0B005-A8CD-451F-A613-B17B5B4962B0}.Release|x64.Build.0 = Release|x64
		{CFD0B005-A8CD-451F-A613-B17B5B4962B0}.Release|x86.ActiveCfg = Release|Win32
		{CFD0B005-A8CD-451F-A613-B17B5B4962B0}.Release|x86.Build.0 = Release|Win32
		{C58BEE1B-7B86-48A4-BC64-0ABC98F0AB1F}.Debug|x64.ActiveCfg = Debug|x64
		{C58BEE1B-7B86-48A4-BC64-0ABC98F0AB1F}.Debug|x64.Build.0 = Debug|x64
		{C58BEE1B-7B86-48A4-BC64-0ABC98F0AB1F}.Debug|x86.ActiveCfg = Debug|Win32
		{C58BEE1B-7B86-48A4-BC64-0ABC98F0AB1F}.Debug|x86.Build.0 = Debug|Win32
		{C58BEE1B-7B86-48A4-BC64-0ABC98F0AB1F}.Release|x64.ActiveCfg = Release|x64
		{C58BEE1B-7B86-48A4-BC64-0ABC98F0AB1F}.Release|x64.Build.0 = Release|x64
		{C58BEE1B-7B86-48A4-BC64-0ABC98F0AB1F}.Release|x86.ActiveCfg = Release|Win32
		{C58BEE1B-7B86-48A4-BC64-0ABC98F0AB1F}.Release|x86.Build.0 = Release|Win32
	EndGlobalSection
	GlobalSection(SolutionProperties) = preSolution
		HideSolutionNode = FALSE
	EndGlobalSection
EndGlobal
