<?xml version="1.0" encoding="utf-8"?>
<Project ToolsVersion="4.0" xmlns="http://schemas.microsoft.com/developer/msbuild/2003">
  <ItemGroup>
    <Filter Include="源文件">
      <UniqueIdentifier>{4FC737F1-C7A5-4376-A066-2A32D752A2FF}</UniqueIdentifier>
      <Extensions>cpp;c;cc;cxx;def;odl;idl;hpj;bat;asm;asmx</Extensions>
    </Filter>
    <Filter Include="头文件">
      <UniqueIdentifier>{93995380-89BD-4b04-88EB-625FBE52EBFB}</UniqueIdentifier>
      <Extensions>h;hh;hpp;hxx;hm;inl;inc;xsd</Extensions>
    </Filter>
    <Filter Include="资源文件">
      <UniqueIdentifier>{67DA6AB6-F800-4c08-8B7A-83BB121AAD01}</UniqueIdentifier>
      <Extensions>rc;ico;cur;bmp;dlg;rc2;rct;bin;rgs;gif;jpg;jpeg;jpe;resx;tiff;tif;png;wav;mfcribbon-ms</Extensions>
    </Filter>
    <Filter Include="Other">
      <UniqueIdentifier>{d1a213bf-5c32-4202-a438-3d3f89d2b0d1}</UniqueIdentifier>
    </Filter>
  </ItemGroup>
  <ItemGroup>
    <ClCompile Include="USBUtils.cpp">
      <Filter>头文件</Filter>
    </ClCompile>
    <ClCompile Include="mainInfo.cpp">
      <Filter>Other</Filter>
    </ClCompile>
    <ClCompile Include="mainList.cpp">
      <Filter>Other</Filter>
    </ClCompile>
    <ClCompile Include="status.cpp">
      <Filter>Other</Filter>
    </ClCompile>
    <ClCompile Include="Transfer.c">
      <Filter>Other</Filter>
    </ClCompile>
  </ItemGroup>
  <ItemGroup>
    <ClInclude Include="USBUtils.h">
      <Filter>头文件</Filter>
    </ClInclude>
    <ClInclude Include="xusb.h">
      <Filter>头文件</Filter>
    </ClInclude>
    <ClInclude Include="lsusb.h">
      <Filter>Other</Filter>
    </ClInclude>
  </ItemGroup>
</Project>