<?xml version="1.0" encoding="utf-8"?>
<Project ToolsVersion="4.0" xmlns="http://schemas.microsoft.com/developer/msbuild/2003">
  <ItemGroup>
    <Filter Include="Source Files">
      <UniqueIdentifier>{87f8ed78-063a-4e65-bb9a-58d498db7127}</UniqueIdentifier>
      <Extensions>cpp;c;cxx;rc;def;r;odl;idl;hpj;bat</Extensions>
    </Filter>
    <Filter Include="Header Files">
      <UniqueIdentifier>{e8c6e872-d358-42f9-8a7a-e1778585ceaa}</UniqueIdentifier>
      <Extensions>h;hpp;hxx;hm;inl</Extensions>
    </Filter>
    <Filter Include="Resource Files">
      <UniqueIdentifier>{46f2bb3c-5adf-4797-81fc-161f760c2417}</UniqueIdentifier>
      <Extensions>ico;cur;bmp;dlg;rc2;rct;bin;rgs;gif;jpg;jpeg;jpe</Extensions>
    </Filter>
    <Filter Include="TinyXML">
      <UniqueIdentifier>{420db088-ca8b-4b43-b3ca-ae0ed4996fa4}</UniqueIdentifier>
    </Filter>
    <Filter Include="Easyloggingpp">
      <UniqueIdentifier>{d7dd4970-8f44-453a-9b45-847e146d04b1}</UniqueIdentifier>
    </Filter>
  </ItemGroup>
  <ItemGroup>
    <ClCompile Include="StdAfx.cpp">
      <Filter>Source Files</Filter>
    </ClCompile>
    <ClCompile Include="ServiceMain.cpp">
      <Filter>Source Files</Filter>
    </ClCompile>
    <ClCompile Include="SocketMsg.cpp">
      <Filter>Source Files</Filter>
    </ClCompile>
    <ClCompile Include="WindowsUser.cpp">
      <Filter>Source Files</Filter>
    </ClCompile>
    <ClCompile Include="CallFunction.cpp">
      <Filter>Source Files</Filter>
    </ClCompile>
    <ClCompile Include="GStringClass.cpp">
      <Filter>Source Files</Filter>
    </ClCompile>
    <ClCompile Include="GCDirFile.cpp">
      <Filter>Source Files</Filter>
    </ClCompile>
    <ClCompile Include="md5.cpp">
      <Filter>Source Files</Filter>
    </ClCompile>
    <ClCompile Include="ThreadPool.cpp">
      <Filter>Source Files</Filter>
    </ClCompile>
    <ClCompile Include="SetCfg.cpp">
      <Filter>Source Files</Filter>
    </ClCompile>
    <ClCompile Include="utils.cpp">
      <Filter>Source Files</Filter>
    </ClCompile>
    <ClCompile Include="disk_config.cpp">
      <Filter>Source Files</Filter>
    </ClCompile>
    <ClCompile Include="WindowApp.cpp">
      <Filter>Source Files</Filter>
    </ClCompile>
    <ClCompile Include="protocal_struct.cpp">
      <Filter>Source Files</Filter>
    </ClCompile>
    <ClCompile Include="gclog.cpp">
      <Filter>Source Files</Filter>
    </ClCompile>
    <ClCompile Include="..\..\..\lib\tinyxml\tinystr.cpp">
      <Filter>TinyXML</Filter>
    </ClCompile>
    <ClCompile Include="..\..\..\lib\tinyxml\tinyxml.cpp">
      <Filter>TinyXML</Filter>
    </ClCompile>
    <ClCompile Include="..\..\..\lib\tinyxml\tinyxmlerror.cpp">
      <Filter>TinyXML</Filter>
    </ClCompile>
    <ClCompile Include="..\..\..\lib\tinyxml\tinyxmlparser.cpp">
      <Filter>TinyXML</Filter>
    </ClCompile>
    <ClCompile Include="..\..\..\lib\easyloggingpp\easylogging++.cc">
      <Filter>Easyloggingpp</Filter>
    </ClCompile>
  </ItemGroup>
  <ItemGroup>
    <ClInclude Include="StdAfx.h">
      <Filter>Header Files</Filter>
    </ClInclude>
    <ClInclude Include="SocketMsg.h">
      <Filter>Header Files</Filter>
    </ClInclude>
    <ClInclude Include="WindowsUser.h">
      <Filter>Header Files</Filter>
    </ClInclude>
    <ClInclude Include="CallFunction.h">
      <Filter>Header Files</Filter>
    </ClInclude>
    <ClInclude Include="CommonFiles.h">
      <Filter>Header Files</Filter>
    </ClInclude>
    <ClInclude Include="GStringClass.h">
      <Filter>Header Files</Filter>
    </ClInclude>
    <ClInclude Include="GCDirFile.h">
      <Filter>Header Files</Filter>
    </ClInclude>
    <ClInclude Include="resource.h">
      <Filter>Header Files</Filter>
    </ClInclude>
    <ClInclude Include="md5.h">
      <Filter>Header Files</Filter>
    </ClInclude>
    <ClInclude Include="ThreadPool.h">
      <Filter>Header Files</Filter>
    </ClInclude>
    <ClInclude Include="SetCfg.h">
      <Filter>Header Files</Filter>
    </ClInclude>
    <ClInclude Include="utils.h">
      <Filter>Header Files</Filter>
    </ClInclude>
    <ClInclude Include="disk_config.h">
      <Filter>Header Files</Filter>
    </ClInclude>
    <ClInclude Include="WindowApp.h">
      <Filter>Header Files</Filter>
    </ClInclude>
    <ClInclude Include="protocal_struct.h">
      <Filter>Header Files</Filter>
    </ClInclude>
    <ClInclude Include="gclog.h">
      <Filter>Header Files</Filter>
    </ClInclude>
    <ClInclude Include="..\..\..\lib\tinyxml\tinystr.h">
      <Filter>TinyXML</Filter>
    </ClInclude>
    <ClInclude Include="..\..\..\lib\tinyxml\tinyxml.h">
      <Filter>TinyXML</Filter>
    </ClInclude>
    <ClInclude Include="..\..\..\lib\easyloggingpp\easylogging++.h">
      <Filter>Easyloggingpp</Filter>
    </ClInclude>
  </ItemGroup>
  <ItemGroup>
    <Text Include="ReadMe.txt" />
  </ItemGroup>
  <ItemGroup>
    <ResourceCompile Include="ShareManagers.rc">
      <Filter>Resource Files</Filter>
    </ResourceCompile>
  </ItemGroup>
</Project>