
Microsoft Visual Studio Solution File, Format Version 12.00
# Visual Studio 14
VisualStudioVersion = 14.0.25420.1
MinimumVisualStudioVersion = 10.0.40219.1
Project("{8BC9CEB8-8B4A-11D0-8D11-00A0C91BC942}") = "New", "Day3_new\Day3_构造析构.vcxproj", "{95ACA9BA-13D2-45D0-B192-8D19227F9D85}"
EndProject
Project("{8BC9CEB8-8B4A-11D0-8D11-00A0C91BC942}") = "template", "Day9_template\Day9_模板.vcxproj", "{D91AB3FD-2906-445B-8291-887970767872}"
EndProject
Project("{8BC9CEB8-8B4A-11D0-8D11-00A0C91BC942}") = "memory", "stdptr\stdptr.vcxproj", "{1D67D13D-C384-4A02-929C-1F3807080B67}"
EndProject
Project("{8BC9CEB8-8B4A-11D0-8D11-00A0C91BC942}") = "move", "move\move.vcxproj", "{515E2F15-9CB3-4BB9-A538-463E658D7802}"
EndProject
Global
	GlobalSection(SolutionConfigurationPlatforms) = preSolution
		Debug|x64 = Debug|x64
		Debug|x86 = Debug|x86
		Release|x64 = Release|x64
		Release|x86 = Release|x86
	EndGlobalSection
	GlobalSection(ProjectConfigurationPlatforms) = postSolution
		{95ACA9BA-13D2-45D0-B192-8D19227F9D85}.Debug|x64.ActiveCfg = Debug|Win32
		{95ACA9BA-13D2-45D0-B192-8D19227F9D85}.Debug|x64.Build.0 = Debug|Win32
		{95ACA9BA-13D2-45D0-B192-8D19227F9D85}.Debug|x86.ActiveCfg = Debug|Win32
		{95ACA9BA-13D2-45D0-B192-8D19227F9D85}.Debug|x86.Build.0 = Debug|Win32
		{95ACA9BA-13D2-45D0-B192-8D19227F9D85}.Release|x64.ActiveCfg = Release|Win32
		{95ACA9BA-13D2-45D0-B192-8D19227F9D85}.Release|x86.ActiveCfg = Release|Win32
		{95ACA9BA-13D2-45D0-B192-8D19227F9D85}.Release|x86.Build.0 = Release|Win32
		{D91AB3FD-2906-445B-8291-887970767872}.Debug|x64.ActiveCfg = Debug|x64
		{D91AB3FD-2906-445B-8291-887970767872}.Debug|x64.Build.0 = Debug|x64
		{D91AB3FD-2906-445B-8291-887970767872}.Debug|x86.ActiveCfg = Debug|Win32
		{D91AB3FD-2906-445B-8291-887970767872}.Debug|x86.Build.0 = Debug|Win32
		{D91AB3FD-2906-445B-8291-887970767872}.Release|x64.ActiveCfg = Release|x64
		{D91AB3FD-2906-445B-8291-887970767872}.Release|x64.Build.0 = Release|x64
		{D91AB3FD-2906-445B-8291-887970767872}.Release|x86.ActiveCfg = Release|Win32
		{D91AB3FD-2906-445B-8291-887970767872}.Release|x86.Build.0 = Release|Win32
		{1D67D13D-C384-4A02-929C-1F3807080B67}.Debug|x64.ActiveCfg = Debug|x64
		{1D67D13D-C384-4A02-929C-1F3807080B67}.Debug|x64.Build.0 = Debug|x64
		{1D67D13D-C384-4A02-929C-1F3807080B67}.Debug|x86.ActiveCfg = Debug|Win32
		{1D67D13D-C384-4A02-929C-1F3807080B67}.Debug|x86.Build.0 = Debug|Win32
		{1D67D13D-C384-4A02-929C-1F3807080B67}.Release|x64.ActiveCfg = Release|x64
		{1D67D13D-C384-4A02-929C-1F3807080B67}.Release|x64.Build.0 = Release|x64
		{1D67D13D-C384-4A02-929C-1F3807080B67}.Release|x86.ActiveCfg = Release|Win32
		{1D67D13D-C384-4A02-929C-1F3807080B67}.Release|x86.Build.0 = Release|Win32
		{515E2F15-9CB3-4BB9-A538-463E658D7802}.Debug|x64.ActiveCfg = Debug|x64
		{515E2F15-9CB3-4BB9-A538-463E658D7802}.Debug|x64.Build.0 = Debug|x64
		{515E2F15-9CB3-4BB9-A538-463E658D7802}.Debug|x86.ActiveCfg = Debug|Win32
		{515E2F15-9CB3-4BB9-A538-463E658D7802}.Debug|x86.Build.0 = Debug|Win32
		{515E2F15-9CB3-4BB9-A538-463E658D7802}.Release|x64.ActiveCfg = Release|x64
		{515E2F15-9CB3-4BB9-A538-463E658D7802}.Release|x64.Build.0 = Release|x64
		{515E2F15-9CB3-4BB9-A538-463E658D7802}.Release|x86.ActiveCfg = Release|Win32
		{515E2F15-9CB3-4BB9-A538-463E658D7802}.Release|x86.Build.0 = Release|Win32
	EndGlobalSection
	GlobalSection(SolutionProperties) = preSolution
		HideSolutionNode = FALSE
	EndGlobalSection
EndGlobal
