
Microsoft Visual Studio Solution File, Format Version 12.00
# Visual Studio 14
VisualStudioVersion = 14.0.25420.1
MinimumVisualStudioVersion = 10.0.40219.1
Project("{8BC9CEB8-8B4A-11D0-8D11-00A0C91BC942}") = "Regedit", "Regedit\Regedit.vcxproj", "{2CBA5851-978D-4ED2-8C2A-5306530758F7}"
EndProject
Project("{8BC9CEB8-8B4A-11D0-8D11-00A0C91BC942}") = "STARTUP", "STARTUP\STARTUP.vcxproj", "{21E0B0B5-A554-4FC0-BF9B-410939E25261}"
EndProject
Project("{8BC9CEB8-8B4A-11D0-8D11-00A0C91BC942}") = "TaskSchedule", "TaskSchedule\TaskSchedule.vcxproj", "{F39040D1-8EA1-4819-B6F3-3120B2379BCE}"
EndProject
Project("{8BC9CEB8-8B4A-11D0-8D11-00A0C91BC942}") = "ServiceAutoRun", "..\Service\ServiceAutoRun.vcxproj", "{2CC26A08-AB10-432B-8E5D-3BC4438EA6FA}"
EndProject
Global
	GlobalSection(SolutionConfigurationPlatforms) = preSolution
		Debug|x64 = Debug|x64
		Debug|x86 = Debug|x86
		Release|x64 = Release|x64
		Release|x86 = Release|x86
	EndGlobalSection
	GlobalSection(ProjectConfigurationPlatforms) = postSolution
		{2CBA5851-978D-4ED2-8C2A-5306530758F7}.Debug|x64.ActiveCfg = Debug|x64
		{2CBA5851-978D-4ED2-8C2A-5306530758F7}.Debug|x64.Build.0 = Debug|x64
		{2CBA5851-978D-4ED2-8C2A-5306530758F7}.Debug|x86.ActiveCfg = Debug|Win32
		{2CBA5851-978D-4ED2-8C2A-5306530758F7}.Debug|x86.Build.0 = Debug|Win32
		{2CBA5851-978D-4ED2-8C2A-5306530758F7}.Release|x64.ActiveCfg = Release|x64
		{2CBA5851-978D-4ED2-8C2A-5306530758F7}.Release|x64.Build.0 = Release|x64
		{2CBA5851-978D-4ED2-8C2A-5306530758F7}.Release|x86.ActiveCfg = Release|Win32
		{2CBA5851-978D-4ED2-8C2A-5306530758F7}.Release|x86.Build.0 = Release|Win32
		{21E0B0B5-A554-4FC0-BF9B-410939E25261}.Debug|x64.ActiveCfg = Debug|x64
		{21E0B0B5-A554-4FC0-BF9B-410939E25261}.Debug|x64.Build.0 = Debug|x64
		{21E0B0B5-A554-4FC0-BF9B-410939E25261}.Debug|x86.ActiveCfg = Debug|Win32
		{21E0B0B5-A554-4FC0-BF9B-410939E25261}.Debug|x86.Build.0 = Debug|Win32
		{21E0B0B5-A554-4FC0-BF9B-410939E25261}.Release|x64.ActiveCfg = Release|x64
		{21E0B0B5-A554-4FC0-BF9B-410939E25261}.Release|x64.Build.0 = Release|x64
		{21E0B0B5-A554-4FC0-BF9B-410939E25261}.Release|x86.ActiveCfg = Release|Win32
		{21E0B0B5-A554-4FC0-BF9B-410939E25261}.Release|x86.Build.0 = Release|Win32
		{F39040D1-8EA1-4819-B6F3-3120B2379BCE}.Debug|x64.ActiveCfg = Debug|x64
		{F39040D1-8EA1-4819-B6F3-3120B2379BCE}.Debug|x64.Build.0 = Debug|x64
		{F39040D1-8EA1-4819-B6F3-3120B2379BCE}.Debug|x86.ActiveCfg = Debug|Win32
		{F39040D1-8EA1-4819-B6F3-3120B2379BCE}.Debug|x86.Build.0 = Debug|Win32
		{F39040D1-8EA1-4819-B6F3-3120B2379BCE}.Release|x64.ActiveCfg = Release|x64
		{F39040D1-8EA1-4819-B6F3-3120B2379BCE}.Release|x64.Build.0 = Release|x64
		{F39040D1-8EA1-4819-B6F3-3120B2379BCE}.Release|x86.ActiveCfg = Release|Win32
		{F39040D1-8EA1-4819-B6F3-3120B2379BCE}.Release|x86.Build.0 = Release|Win32
		{2CC26A08-AB10-432B-8E5D-3BC4438EA6FA}.Debug|x64.ActiveCfg = Debug|x64
		{2CC26A08-AB10-432B-8E5D-3BC4438EA6FA}.Debug|x64.Build.0 = Debug|x64
		{2CC26A08-AB10-432B-8E5D-3BC4438EA6FA}.Debug|x86.ActiveCfg = Debug|Win32
		{2CC26A08-AB10-432B-8E5D-3BC4438EA6FA}.Debug|x86.Build.0 = Debug|Win32
		{2CC26A08-AB10-432B-8E5D-3BC4438EA6FA}.Release|x64.ActiveCfg = Release|x64
		{2CC26A08-AB10-432B-8E5D-3BC4438EA6FA}.Release|x64.Build.0 = Release|x64
		{2CC26A08-AB10-432B-8E5D-3BC4438EA6FA}.Release|x86.ActiveCfg = Release|Win32
		{2CC26A08-AB10-432B-8E5D-3BC4438EA6FA}.Release|x86.Build.0 = Release|Win32
	EndGlobalSection
	GlobalSection(SolutionProperties) = preSolution
		HideSolutionNode = FALSE
	EndGlobalSection
EndGlobal
