<?xml version="1.0" encoding="utf-8"?>
<Project ToolsVersion="4.0" xmlns="http://schemas.microsoft.com/developer/msbuild/2003">
  <ItemGroup>
    <Filter Include="Day1_内存四区">
      <UniqueIdentifier>{551f5ff3-2155-41c7-8457-8d3861e9a6ff}</UniqueIdentifier>
    </Filter>
    <Filter Include="Day2_一级指针">
      <UniqueIdentifier>{c2061629-f6d4-4c2e-aab0-f192ef66c47f}</UniqueIdentifier>
    </Filter>
    <Filter Include="数据类型">
      <UniqueIdentifier>{a929ce04-6ddb-42e6-b231-54267528c07e}</UniqueIdentifier>
    </Filter>
  </ItemGroup>
  <ItemGroup>
    <ClCompile Include="Day1_内存4区\dm01_测试.c">
      <Filter>Day1_内存四区</Filter>
    </ClCompile>
    <ClCompile Include="Day1_内存4区\dm02_学员学习的标准.c">
      <Filter>Day1_内存四区</Filter>
    </ClCompile>
    <ClCompile Include="Day1_内存4区\dm03_数据类型分析.c">
      <Filter>Day1_内存四区</Filter>
    </ClCompile>
    <ClCompile Include="Day1_内存4区\dm04_变量的本质分析.c">
      <Filter>Day1_内存四区</Filter>
    </ClCompile>
    <ClCompile Include="Day1_内存4区\dm05_静态存储区理解.c">
      <Filter>Day1_内存四区</Filter>
    </ClCompile>
    <ClCompile Include="Day1_内存4区\dm06_堆栈区的理解.c">
      <Filter>Day1_内存四区</Filter>
    </ClCompile>
    <ClCompile Include="Day1_内存4区\dm07_堆栈的属性测试.c">
      <Filter>Day1_内存四区</Filter>
    </ClCompile>
    <ClCompile Include="Day1_内存4区\dm08_指针铁律1.c">
      <Filter>Day1_内存四区</Filter>
    </ClCompile>
    <ClCompile Include="main.cpp" />
    <ClCompile Include="Day2_point1\dm01_习题.c">
      <Filter>Day2_一级指针</Filter>
    </ClCompile>
    <ClCompile Include="Day2_point1\dm02_铁律1强化.c">
      <Filter>Day2_一级指针</Filter>
    </ClCompile>
    <ClCompile Include="Day2_point1\dm03_间接赋值的技术推演.c">
      <Filter>Day2_一级指针</Filter>
    </ClCompile>
    <ClCompile Include="Day2_point1\dm04_指针的输入和输出特性.c">
      <Filter>Day2_一级指针</Filter>
    </ClCompile>
    <ClCompile Include="Day2_point1\dm05_字符串基本操作.c">
      <Filter>Day2_一级指针</Filter>
    </ClCompile>
    <ClCompile Include="Day2_point1\dm06_一级指针内存模型建立.c">
      <Filter>Day2_一级指针</Filter>
    </ClCompile>
    <ClCompile Include="Day2_point1\dm07_字符串做函数参数.c">
      <Filter>Day2_一级指针</Filter>
    </ClCompile>
    <ClCompile Include="Day2_point1\dm08_项目开发字符串模型strstr_while.c">
      <Filter>Day2_一级指针</Filter>
    </ClCompile>
    <ClCompile Include="..\bit\BitUtils.cpp">
      <Filter>数据类型</Filter>
    </ClCompile>
    <ClCompile Include="..\bit\byte.cpp">
      <Filter>数据类型</Filter>
    </ClCompile>
    <ClCompile Include="..\bit\convert.cpp">
      <Filter>数据类型</Filter>
    </ClCompile>
    <ClCompile Include="..\bit\endian.c">
      <Filter>数据类型</Filter>
    </ClCompile>
    <ClCompile Include="..\bit\endian_byte.c">
      <Filter>数据类型</Filter>
    </ClCompile>
    <ClCompile Include="..\bit\main.cpp">
      <Filter>数据类型</Filter>
    </ClCompile>
    <ClCompile Include="..\bit\showbit.c">
      <Filter>数据类型</Filter>
    </ClCompile>
    <ClCompile Include="..\bit\showbyte.cpp">
      <Filter>数据类型</Filter>
    </ClCompile>
  </ItemGroup>
  <ItemGroup>
    <ClInclude Include="..\bit\BitUtils.h">
      <Filter>数据类型</Filter>
    </ClInclude>
    <ClInclude Include="..\bit\ByteUtils.h">
      <Filter>数据类型</Filter>
    </ClInclude>
  </ItemGroup>
  <ItemGroup>
    <Text Include="..\bit\CMakeLists.txt">
      <Filter>数据类型</Filter>
    </Text>
  </ItemGroup>
</Project>