<?xml version="1.0" encoding="utf-8"?>
<Project ToolsVersion="4.0" xmlns="http://schemas.microsoft.com/developer/msbuild/2003">
  <ItemGroup>
    <Filter Include="Test">
      <UniqueIdentifier>{93995380-89BD-4b04-88EB-625FBE52EBFB}</UniqueIdentifier>
      <Extensions>h;hh;hpp;hxx;hm;inl;inc;xsd</Extensions>
    </Filter>
    <Filter Include="课程">
      <UniqueIdentifier>{4FC737F1-C7A5-4376-A066-2A32D752A2FF}</UniqueIdentifier>
      <Extensions>cpp;c;cc;cxx;def;odl;idl;hpj;bat;asm;asmx</Extensions>
    </Filter>
    <Filter Include="Other">
      <UniqueIdentifier>{17352353-352a-44ca-9bdc-016e289efcdd}</UniqueIdentifier>
    </Filter>
  </ItemGroup>
  <ItemGroup>
    <ClCompile Include="dm06_copy构造函数的第4种应用场景.cpp">
      <Filter>课程</Filter>
    </ClCompile>
    <ClCompile Include="dm07_回顾复习.cpp">
      <Filter>课程</Filter>
    </ClCompile>
    <ClCompile Include="dm08_构造函数调用规则研究.cpp">
      <Filter>课程</Filter>
    </ClCompile>
    <ClCompile Include="dm09_深拷贝和浅拷贝.cpp">
      <Filter>课程</Filter>
    </ClCompile>
    <ClCompile Include="dm10_构造函数初始化列表.cpp">
      <Filter>课程</Filter>
    </ClCompile>
    <ClCompile Include="dm11_构造和析构综合练习.cpp">
      <Filter>课程</Filter>
    </ClCompile>
    <ClCompile Include="dm12_构造中调用构造.cpp">
      <Filter>课程</Filter>
    </ClCompile>
    <ClCompile Include="dm13_new和delete.cpp">
      <Filter>课程</Filter>
    </ClCompile>
    <ClCompile Include="dm14_new和delete深入分析.cpp">
      <Filter>课程</Filter>
    </ClCompile>
    <ClCompile Include="dm15_static关键字.cpp">
      <Filter>课程</Filter>
    </ClCompile>
    <ClCompile Include="dm16_面向对象模型初探.cpp">
      <Filter>课程</Filter>
    </ClCompile>
    <ClCompile Include="dm17_面向对象模型this指针练习.cpp">
      <Filter>课程</Filter>
    </ClCompile>
    <ClCompile Include="dm01_类的构造和析构基础.cpp">
      <Filter>课程</Filter>
    </ClCompile>
    <ClCompile Include="dm02_构造函数的分类.cpp">
      <Filter>课程</Filter>
    </ClCompile>
    <ClCompile Include="dm03_显示初始化方案.cpp">
      <Filter>课程</Filter>
    </ClCompile>
    <ClCompile Include="dm04_copy构造函数的调用12.cpp">
      <Filter>课程</Filter>
    </ClCompile>
    <ClCompile Include="dm05_copy构造函数的调用场景3.cpp">
      <Filter>课程</Filter>
    </ClCompile>
    <ClCompile Include="匿名对象.cpp">
      <Filter>Test</Filter>
    </ClCompile>
    <ClCompile Include="拷贝构造函数.cpp">
      <Filter>Test</Filter>
    </ClCompile>
    <ClCompile Include="构造析构.cpp">
      <Filter>Test</Filter>
    </ClCompile>
    <ClCompile Include="对象初始化列表.cpp">
      <Filter>Test</Filter>
    </ClCompile>
    <ClCompile Include="main.cpp" />
  </ItemGroup>
</Project>