<?xml version="1.0" encoding="utf-8"?>
<Project ToolsVersion="4.0" xmlns="http://schemas.microsoft.com/developer/msbuild/2003">
  <ItemGroup>
    <Filter Include="源文件">
      <UniqueIdentifier>{4FC737F1-C7A5-4376-A066-2A32D752A2FF}</UniqueIdentifier>
      <Extensions>cpp;c;cc;cxx;def;odl;idl;hpj;bat;asm;asmx</Extensions>
    </Filter>
    <Filter Include="头文件">
      <UniqueIdentifier>{93995380-89BD-4b04-88EB-625FBE52EBFB}</UniqueIdentifier>
      <Extensions>h;hh;hpp;hxx;hm;inl;inc;xsd</Extensions>
    </Filter>
    <Filter Include="资源文件">
      <UniqueIdentifier>{67DA6AB6-F800-4c08-8B7A-83BB121AAD01}</UniqueIdentifier>
      <Extensions>rc;ico;cur;bmp;dlg;rc2;rct;bin;rgs;gif;jpg;jpeg;jpe;resx;tiff;tif;png;wav;mfcribbon-ms</Extensions>
    </Filter>
    <Filter Include="Java">
      <UniqueIdentifier>{fd2ecd28-cc2e-4c66-8065-830c56794e5a}</UniqueIdentifier>
    </Filter>
    <Filter Include="Class">
      <UniqueIdentifier>{b23cad24-eff9-4f4f-ab33-16e3698a9fde}</UniqueIdentifier>
    </Filter>
  </ItemGroup>
  <ItemGroup>
    <ClInclude Include="..\..\..\..\C++space\StringTools\StringTools\StrUtils.h">
      <Filter>头文件</Filter>
    </ClInclude>
    <ClInclude Include="..\..\..\StringTools\StringTools\StringHead.h">
      <Filter>头文件</Filter>
    </ClInclude>
    <ClInclude Include="..\stb\CString.h">
      <Filter>Class</Filter>
    </ClInclude>
    <ClInclude Include="..\stb\String.hpp">
      <Filter>Class</Filter>
    </ClInclude>
  </ItemGroup>
  <ItemGroup>
    <ClCompile Include="main.cpp">
      <Filter>源文件</Filter>
    </ClCompile>
    <ClCompile Include="..\..\..\StringTools\StringTools\StrUtils.cpp">
      <Filter>头文件</Filter>
    </ClCompile>
    <ClCompile Include="..\stb\CString.cpp">
      <Filter>Class</Filter>
    </ClCompile>
  </ItemGroup>
  <ItemGroup>
    <None Include="..\..\Java\com\lang\String\BF.java">
      <Filter>Java</Filter>
    </None>
    <None Include="..\..\Java\com\lang\String\KMP.java">
      <Filter>Java</Filter>
    </None>
  </ItemGroup>
</Project>