
Microsoft Visual Studio Solution File, Format Version 12.00
# Visual Studio 14
VisualStudioVersion = 14.0.25420.1
MinimumVisualStudioVersion = 10.0.40219.1
Project("{8BC9CEB8-8B4A-11D0-8D11-00A0C91BC942}") = "SessionDLL", "SessionDLL\SessionDLL.vcxproj", "{851E9EC1-1556-45AB-A462-7AA225478084}"
EndProject
Project("{8BC9CEB8-8B4A-11D0-8D11-00A0C91BC942}") = "TestRemoteConnection", "TestRemoteConnection\TestRemoteConnection.vcxproj", "{D9F4EED0-3BFC-4EE7-81A4-6F82A6C58A5C}"
EndProject
Project("{8BC9CEB8-8B4A-11D0-8D11-00A0C91BC942}") = "SessionManager", "SessionManager\SessionManager.vcxproj", "{CE74EBA4-1940-4CDA-9E0B-F5C817477AA3}"
EndProject
Global
	GlobalSection(SolutionConfigurationPlatforms) = preSolution
		Debug|x64 = Debug|x64
		Debug|x86 = Debug|x86
		Release|x64 = Release|x64
		Release|x86 = Release|x86
	EndGlobalSection
	GlobalSection(ProjectConfigurationPlatforms) = postSolution
		{851E9EC1-1556-45AB-A462-7AA225478084}.Debug|x64.ActiveCfg = Debug|x64
		{851E9EC1-1556-45AB-A462-7AA225478084}.Debug|x64.Build.0 = Debug|x64
		{851E9EC1-1556-45AB-A462-7AA225478084}.Debug|x86.ActiveCfg = Debug|Win32
		{851E9EC1-1556-45AB-A462-7AA225478084}.Debug|x86.Build.0 = Debug|Win32
		{851E9EC1-1556-45AB-A462-7AA225478084}.Release|x64.ActiveCfg = Release|x64
		{851E9EC1-1556-45AB-A462-7AA225478084}.Release|x64.Build.0 = Release|x64
		{851E9EC1-1556-45AB-A462-7AA225478084}.Release|x86.ActiveCfg = Release|Win32
		{851E9EC1-1556-45AB-A462-7AA225478084}.Release|x86.Build.0 = Release|Win32
		{D9F4EED0-3BFC-4EE7-81A4-6F82A6C58A5C}.Debug|x64.ActiveCfg = Debug|x64
		{D9F4EED0-3BFC-4EE7-81A4-6F82A6C58A5C}.Debug|x64.Build.0 = Debug|x64
		{D9F4EED0-3BFC-4EE7-81A4-6F82A6C58A5C}.Debug|x86.ActiveCfg = Debug|Win32
		{D9F4EED0-3BFC-4EE7-81A4-6F82A6C58A5C}.Debug|x86.Build.0 = Debug|Win32
		{D9F4EED0-3BFC-4EE7-81A4-6F82A6C58A5C}.Release|x64.ActiveCfg = Release|x64
		{D9F4EED0-3BFC-4EE7-81A4-6F82A6C58A5C}.Release|x64.Build.0 = Release|x64
		{D9F4EED0-3BFC-4EE7-81A4-6F82A6C58A5C}.Release|x86.ActiveCfg = Release|Win32
		{D9F4EED0-3BFC-4EE7-81A4-6F82A6C58A5C}.Release|x86.Build.0 = Release|Win32
		{CE74EBA4-1940-4CDA-9E0B-F5C817477AA3}.Debug|x64.ActiveCfg = Debug|x64
		{CE74EBA4-1940-4CDA-9E0B-F5C817477AA3}.Debug|x64.Build.0 = Debug|x64
		{CE74EBA4-1940-4CDA-9E0B-F5C817477AA3}.Debug|x86.ActiveCfg = Debug|Win32
		{CE74EBA4-1940-4CDA-9E0B-F5C817477AA3}.Debug|x86.Build.0 = Debug|Win32
		{CE74EBA4-1940-4CDA-9E0B-F5C817477AA3}.Release|x64.ActiveCfg = Release|x64
		{CE74EBA4-1940-4CDA-9E0B-F5C817477AA3}.Release|x64.Build.0 = Release|x64
		{CE74EBA4-1940-4CDA-9E0B-F5C817477AA3}.Release|x86.ActiveCfg = Release|Win32
		{CE74EBA4-1940-4CDA-9E0B-F5C817477AA3}.Release|x86.Build.0 = Release|Win32
	EndGlobalSection
	GlobalSection(SolutionProperties) = preSolution
		HideSolutionNode = FALSE
	EndGlobalSection
EndGlobal
