<?xml version="1.0" encoding="utf-8"?>
<Project ToolsVersion="4.0" xmlns="http://schemas.microsoft.com/developer/msbuild/2003">
  <ItemGroup>
    <Filter Include="源文件">
      <UniqueIdentifier>{4FC737F1-C7A5-4376-A066-2A32D752A2FF}</UniqueIdentifier>
      <Extensions>cpp;c;cc;cxx;def;odl;idl;hpj;bat;asm;asmx</Extensions>
    </Filter>
    <Filter Include="头文件">
      <UniqueIdentifier>{93995380-89BD-4b04-88EB-625FBE52EBFB}</UniqueIdentifier>
      <Extensions>h;hh;hpp;hxx;hm;inl;inc;xsd</Extensions>
    </Filter>
    <Filter Include="资源文件">
      <UniqueIdentifier>{67DA6AB6-F800-4c08-8B7A-83BB121AAD01}</UniqueIdentifier>
      <Extensions>rc;ico;cur;bmp;dlg;rc2;rct;bin;rgs;gif;jpg;jpeg;jpe;resx;tiff;tif;png;wav;mfcribbon-ms</Extensions>
    </Filter>
    <Filter Include="资源文件\zip">
      <UniqueIdentifier>{639c6ed1-e827-4d78-88ea-b2399524c15a}</UniqueIdentifier>
    </Filter>
  </ItemGroup>
  <ItemGroup>
    <ClInclude Include="ZIPUtils.h">
      <Filter>头文件</Filter>
    </ClInclude>
    <ClInclude Include="..\..\File\FileManager\FileManager\FileAttrHelper.h">
      <Filter>资源文件</Filter>
    </ClInclude>
    <ClInclude Include="..\..\File\FileManager\FileManager\FileManager.h">
      <Filter>资源文件</Filter>
    </ClInclude>
  </ItemGroup>
  <ItemGroup>
    <ClCompile Include="..\..\File\FileManager\FileManager\FileAttrHelper.cpp">
      <Filter>资源文件</Filter>
    </ClCompile>
    <ClCompile Include="..\..\File\FileManager\FileManager\FileManager.cpp">
      <Filter>资源文件</Filter>
    </ClCompile>
    <ClCompile Include="..\zlib-1.2.11\contrib\minizip\ioapi.c">
      <Filter>资源文件\zip</Filter>
    </ClCompile>
    <ClCompile Include="..\zlib-1.2.11\contrib\minizip\iowin32.c">
      <Filter>资源文件\zip</Filter>
    </ClCompile>
    <ClCompile Include="..\zlib-1.2.11\contrib\minizip\mztools.c">
      <Filter>资源文件\zip</Filter>
    </ClCompile>
    <ClCompile Include="..\zlib-1.2.11\contrib\minizip\unzip.c">
      <Filter>资源文件\zip</Filter>
    </ClCompile>
    <ClCompile Include="..\zlib-1.2.11\contrib\minizip\zip.c">
      <Filter>资源文件\zip</Filter>
    </ClCompile>
    <ClCompile Include="main.cpp">
      <Filter>源文件</Filter>
    </ClCompile>
  </ItemGroup>
</Project>