<?xml version="1.0" encoding="utf-8"?>
<Project ToolsVersion="4.0" xmlns="http://schemas.microsoft.com/developer/msbuild/2003">
  <ItemGroup>
    <Filter Include="源文件">
      <UniqueIdentifier>{4FC737F1-C7A5-4376-A066-2A32D752A2FF}</UniqueIdentifier>
      <Extensions>cpp;c;cc;cxx;def;odl;idl;hpj;bat;asm;asmx</Extensions>
    </Filter>
    <Filter Include="OS">
      <UniqueIdentifier>{93995380-89BD-4b04-88EB-625FBE52EBFB}</UniqueIdentifier>
      <Extensions>h;hh;hpp;hxx;hm;inl;inc;xsd</Extensions>
    </Filter>
    <Filter Include="Utils">
      <UniqueIdentifier>{f08e0bec-e8b4-43b9-ad01-ee97a74510fd}</UniqueIdentifier>
    </Filter>
  </ItemGroup>
  <ItemGroup>
    <ClCompile Include="main.cpp">
      <Filter>源文件</Filter>
    </ClCompile>
    <ClCompile Include="OSThread.cpp">
      <Filter>OS</Filter>
    </ClCompile>
    <ClCompile Include="ThreadUtils.cpp">
      <Filter>Utils</Filter>
    </ClCompile>
    <ClCompile Include="CppThread.cpp">
      <Filter>OS</Filter>
    </ClCompile>
  </ItemGroup>
  <ItemGroup>
    <ClInclude Include="OSThread.h">
      <Filter>OS</Filter>
    </ClInclude>
    <ClInclude Include="ThreadUtils.h">
      <Filter>Utils</Filter>
    </ClInclude>
    <ClInclude Include="CppThread.h">
      <Filter>OS</Filter>
    </ClInclude>
  </ItemGroup>
</Project>