
Microsoft Visual Studio Solution File, Format Version 12.00
# Visual Studio 14
VisualStudioVersion = 14.0.25420.1
MinimumVisualStudioVersion = 10.0.40219.1
Project("{8BC9CEB8-8B4A-11D0-8D11-00A0C91BC942}") = "UserManager", "UserManager\UserManager.vcxproj", "{D5726848-DFB5-46CF-AA43-A88D8C3A4706}"
EndProject
Project("{8BC9CEB8-8B4A-11D0-8D11-00A0C91BC942}") = "TestMain", "TestMain\TestMain.vcxproj", "{2B4A7AAC-7DA9-4DC5-8B53-C433A16B083C}"
EndProject
Project("{8BC9CEB8-8B4A-11D0-8D11-00A0C91BC942}") = "SysUserManage", "HGLoginM\HGLoginM.vcxproj", "{2F51F2F9-6824-4136-ACB0-A710AE9FA296}"
EndProject
Global
	GlobalSection(SolutionConfigurationPlatforms) = preSolution
		Debug|x64 = Debug|x64
		Debug|x86 = Debug|x86
		Release|x64 = Release|x64
		Release|x86 = Release|x86
	EndGlobalSection
	GlobalSection(ProjectConfigurationPlatforms) = postSolution
		{D5726848-DFB5-46CF-AA43-A88D8C3A4706}.Debug|x64.ActiveCfg = Debug|x64
		{D5726848-DFB5-46CF-AA43-A88D8C3A4706}.Debug|x64.Build.0 = Debug|x64
		{D5726848-DFB5-46CF-AA43-A88D8C3A4706}.Debug|x86.ActiveCfg = Debug|Win32
		{D5726848-DFB5-46CF-AA43-A88D8C3A4706}.Debug|x86.Build.0 = Debug|Win32
		{D5726848-DFB5-46CF-AA43-A88D8C3A4706}.Release|x64.ActiveCfg = Release|x64
		{D5726848-DFB5-46CF-AA43-A88D8C3A4706}.Release|x64.Build.0 = Release|x64
		{D5726848-DFB5-46CF-AA43-A88D8C3A4706}.Release|x86.ActiveCfg = Release|Win32
		{D5726848-DFB5-46CF-AA43-A88D8C3A4706}.Release|x86.Build.0 = Release|Win32
		{2B4A7AAC-7DA9-4DC5-8B53-C433A16B083C}.Debug|x64.ActiveCfg = Debug|x64
		{2B4A7AAC-7DA9-4DC5-8B53-C433A16B083C}.Debug|x64.Build.0 = Debug|x64
		{2B4A7AAC-7DA9-4DC5-8B53-C433A16B083C}.Debug|x86.ActiveCfg = Debug|Win32
		{2B4A7AAC-7DA9-4DC5-8B53-C433A16B083C}.Debug|x86.Build.0 = Debug|Win32
		{2B4A7AAC-7DA9-4DC5-8B53-C433A16B083C}.Release|x64.ActiveCfg = Release|x64
		{2B4A7AAC-7DA9-4DC5-8B53-C433A16B083C}.Release|x64.Build.0 = Release|x64
		{2B4A7AAC-7DA9-4DC5-8B53-C433A16B083C}.Release|x86.ActiveCfg = Release|Win32
		{2B4A7AAC-7DA9-4DC5-8B53-C433A16B083C}.Release|x86.Build.0 = Release|Win32
		{2F51F2F9-6824-4136-ACB0-A710AE9FA296}.Debug|x64.ActiveCfg = Debug|Win32
		{2F51F2F9-6824-4136-ACB0-A710AE9FA296}.Debug|x64.Build.0 = Debug|Win32
		{2F51F2F9-6824-4136-ACB0-A710AE9FA296}.Debug|x86.ActiveCfg = Debug|Win32
		{2F51F2F9-6824-4136-ACB0-A710AE9FA296}.Debug|x86.Build.0 = Debug|Win32
		{2F51F2F9-6824-4136-ACB0-A710AE9FA296}.Release|x64.ActiveCfg = Release|Win32
		{2F51F2F9-6824-4136-ACB0-A710AE9FA296}.Release|x86.ActiveCfg = Release|Win32
		{2F51F2F9-6824-4136-ACB0-A710AE9FA296}.Release|x86.Build.0 = Release|Win32
	EndGlobalSection
	GlobalSection(SolutionProperties) = preSolution
		HideSolutionNode = FALSE
	EndGlobalSection
EndGlobal
