<?xml version="1.0" encoding="UTF-8"?>
<CodeBlocks_project_file>
	<FileVersion major="1" minor="6"/>
	<Project>
		<Option title="sigqueue"/>
		<Option makefile_is_custom="1"/>
		<Option compiler="gcc"/>
		<Option virtualFolders="CMake Files\;"/>
		<Build>
			<Target title="all">
				<Option working_dir="/mnt/hgfs/Space/System/Signal/build-kill-Desktop_Qt_5_12_9_GCC_64bit-Debug"/>
				<Option type="4"/>
				<MakeCommands>
					<Build command="/usr/bin/make -j8 -f &quot;/mnt/hgfs/Space/System/Signal/build-kill-Desktop_Qt_5_12_9_GCC_64bit-Debug/Makefile&quot;  VERBOSE=1 all"/>
					<CompileFile command="/usr/bin/make -j8 -f &quot;/mnt/hgfs/Space/System/Signal/build-kill-Desktop_Qt_5_12_9_GCC_64bit-Debug/Makefile&quot;  VERBOSE=1 &quot;$file&quot;"/>
					<Clean command="/usr/bin/make -j8 -f &quot;/mnt/hgfs/Space/System/Signal/build-kill-Desktop_Qt_5_12_9_GCC_64bit-Debug/Makefile&quot;  VERBOSE=1 clean"/>
					<DistClean command="/usr/bin/make -j8 -f &quot;/mnt/hgfs/Space/System/Signal/build-kill-Desktop_Qt_5_12_9_GCC_64bit-Debug/Makefile&quot;  VERBOSE=1 clean"/>
				</MakeCommands>
			</Target>
			<Target title="rebuild_cache">
				<Option working_dir="/mnt/hgfs/Space/System/Signal/build-kill-Desktop_Qt_5_12_9_GCC_64bit-Debug"/>
				<Option type="4"/>
				<MakeCommands>
					<Build command="/usr/bin/make -j8 -f &quot;/mnt/hgfs/Space/System/Signal/build-kill-Desktop_Qt_5_12_9_GCC_64bit-Debug/Makefile&quot;  VERBOSE=1 rebuild_cache"/>
					<CompileFile command="/usr/bin/make -j8 -f &quot;/mnt/hgfs/Space/System/Signal/build-kill-Desktop_Qt_5_12_9_GCC_64bit-Debug/Makefile&quot;  VERBOSE=1 &quot;$file&quot;"/>
					<Clean command="/usr/bin/make -j8 -f &quot;/mnt/hgfs/Space/System/Signal/build-kill-Desktop_Qt_5_12_9_GCC_64bit-Debug/Makefile&quot;  VERBOSE=1 clean"/>
					<DistClean command="/usr/bin/make -j8 -f &quot;/mnt/hgfs/Space/System/Signal/build-kill-Desktop_Qt_5_12_9_GCC_64bit-Debug/Makefile&quot;  VERBOSE=1 clean"/>
				</MakeCommands>
			</Target>
			<Target title="sigqueue">
				<Option output="/mnt/hgfs/Space/System/Signal/build-kill-Desktop_Qt_5_12_9_GCC_64bit-Debug/sigqueue" prefix_auto="0" extension_auto="0"/>
				<Option working_dir="/mnt/hgfs/Space/System/Signal/build-kill-Desktop_Qt_5_12_9_GCC_64bit-Debug"/>
				<Option object_output="./"/>
				<Option type="1"/>
				<Option compiler="gcc"/>
				<Compiler>
					<Add directory="/usr/include/c++/7"/>
					<Add directory="/usr/include/x86_64-linux-gnu/c++/7"/>
					<Add directory="/usr/include/c++/7/backward"/>
					<Add directory="/usr/lib/gcc/x86_64-linux-gnu/7/include"/>
					<Add directory="/usr/local/include"/>
					<Add directory="/usr/lib/gcc/x86_64-linux-gnu/7/include-fixed"/>
					<Add directory="/usr/include/x86_64-linux-gnu"/>
					<Add directory="/usr/include"/>
				</Compiler>
				<MakeCommands>
					<Build command="/usr/bin/make -j8 -f &quot;/mnt/hgfs/Space/System/Signal/build-kill-Desktop_Qt_5_12_9_GCC_64bit-Debug/Makefile&quot;  VERBOSE=1 sigqueue"/>
					<CompileFile command="/usr/bin/make -j8 -f &quot;/mnt/hgfs/Space/System/Signal/build-kill-Desktop_Qt_5_12_9_GCC_64bit-Debug/Makefile&quot;  VERBOSE=1 &quot;$file&quot;"/>
					<Clean command="/usr/bin/make -j8 -f &quot;/mnt/hgfs/Space/System/Signal/build-kill-Desktop_Qt_5_12_9_GCC_64bit-Debug/Makefile&quot;  VERBOSE=1 clean"/>
					<DistClean command="/usr/bin/make -j8 -f &quot;/mnt/hgfs/Space/System/Signal/build-kill-Desktop_Qt_5_12_9_GCC_64bit-Debug/Makefile&quot;  VERBOSE=1 clean"/>
				</MakeCommands>
			</Target>
			<Target title="sigqueue/fast">
				<Option output="/mnt/hgfs/Space/System/Signal/build-kill-Desktop_Qt_5_12_9_GCC_64bit-Debug/sigqueue" prefix_auto="0" extension_auto="0"/>
				<Option working_dir="/mnt/hgfs/Space/System/Signal/build-kill-Desktop_Qt_5_12_9_GCC_64bit-Debug"/>
				<Option object_output="./"/>
				<Option type="1"/>
				<Option compiler="gcc"/>
				<Compiler>
					<Add directory="/usr/include/c++/7"/>
					<Add directory="/usr/include/x86_64-linux-gnu/c++/7"/>
					<Add directory="/usr/include/c++/7/backward"/>
					<Add directory="/usr/lib/gcc/x86_64-linux-gnu/7/include"/>
					<Add directory="/usr/local/include"/>
					<Add directory="/usr/lib/gcc/x86_64-linux-gnu/7/include-fixed"/>
					<Add directory="/usr/include/x86_64-linux-gnu"/>
					<Add directory="/usr/include"/>
				</Compiler>
				<MakeCommands>
					<Build command="/usr/bin/make -j8 -f &quot;/mnt/hgfs/Space/System/Signal/build-kill-Desktop_Qt_5_12_9_GCC_64bit-Debug/Makefile&quot;  VERBOSE=1 sigqueue/fast"/>
					<CompileFile command="/usr/bin/make -j8 -f &quot;/mnt/hgfs/Space/System/Signal/build-kill-Desktop_Qt_5_12_9_GCC_64bit-Debug/Makefile&quot;  VERBOSE=1 &quot;$file&quot;"/>
					<Clean command="/usr/bin/make -j8 -f &quot;/mnt/hgfs/Space/System/Signal/build-kill-Desktop_Qt_5_12_9_GCC_64bit-Debug/Makefile&quot;  VERBOSE=1 clean"/>
					<DistClean command="/usr/bin/make -j8 -f &quot;/mnt/hgfs/Space/System/Signal/build-kill-Desktop_Qt_5_12_9_GCC_64bit-Debug/Makefile&quot;  VERBOSE=1 clean"/>
				</MakeCommands>
			</Target>
			<Target title="edit_cache">
				<Option working_dir="/mnt/hgfs/Space/System/Signal/build-kill-Desktop_Qt_5_12_9_GCC_64bit-Debug"/>
				<Option type="4"/>
				<MakeCommands>
					<Build command="/usr/bin/make -j8 -f &quot;/mnt/hgfs/Space/System/Signal/build-kill-Desktop_Qt_5_12_9_GCC_64bit-Debug/Makefile&quot;  VERBOSE=1 edit_cache"/>
					<CompileFile command="/usr/bin/make -j8 -f &quot;/mnt/hgfs/Space/System/Signal/build-kill-Desktop_Qt_5_12_9_GCC_64bit-Debug/Makefile&quot;  VERBOSE=1 &quot;$file&quot;"/>
					<Clean command="/usr/bin/make -j8 -f &quot;/mnt/hgfs/Space/System/Signal/build-kill-Desktop_Qt_5_12_9_GCC_64bit-Debug/Makefile&quot;  VERBOSE=1 clean"/>
					<DistClean command="/usr/bin/make -j8 -f &quot;/mnt/hgfs/Space/System/Signal/build-kill-Desktop_Qt_5_12_9_GCC_64bit-Debug/Makefile&quot;  VERBOSE=1 clean"/>
				</MakeCommands>
			</Target>
		</Build>
		<Unit filename="/mnt/hgfs/Space/System/Signal/kill/sigqueue.c">
			<Option target="sigqueue"/>
		</Unit>
		<Unit filename="/mnt/hgfs/Space/System/Signal/kill/CMakeLists.txt">
			<Option virtualFolder="CMake Files\"/>
		</Unit>
	</Project>
</CodeBlocks_project_file>
