<?xml version="1.0" encoding="utf-8"?>
<Project ToolsVersion="4.0" xmlns="http://schemas.microsoft.com/developer/msbuild/2003">
  <ItemGroup>
    <Filter Include="源文件">
      <UniqueIdentifier>{4FC737F1-C7A5-4376-A066-2A32D752A2FF}</UniqueIdentifier>
      <Extensions>cpp;c;cc;cxx;def;odl;idl;hpj;bat;asm;asmx</Extensions>
    </Filter>
    <Filter Include="头文件">
      <UniqueIdentifier>{93995380-89BD-4b04-88EB-625FBE52EBFB}</UniqueIdentifier>
      <Extensions>h;hpp;hxx;hm;inl;inc;xsd</Extensions>
    </Filter>
    <Filter Include="资源文件">
      <UniqueIdentifier>{67DA6AB6-F800-4c08-8B7A-83BB121AAD01}</UniqueIdentifier>
      <Extensions>rc;ico;cur;bmp;dlg;rc2;rct;bin;rgs;gif;jpg;jpeg;jpe;resx;tiff;tif;png;wav</Extensions>
    </Filter>
    <Filter Include="cpuid">
      <UniqueIdentifier>{96dd9b3a-566f-4eff-a074-1278ce15fc2f}</UniqueIdentifier>
    </Filter>
  </ItemGroup>
  <ItemGroup>
    <ClCompile Include="CtrlWmi.cpp">
      <Filter>源文件</Filter>
    </ClCompile>
    <ClCompile Include="EDID.cpp">
      <Filter>源文件</Filter>
    </ClCompile>
    <ClCompile Include="GetWmiInfo.cpp">
      <Filter>源文件</Filter>
    </ClCompile>
    <ClCompile Include="HardInfo.cpp">
      <Filter>源文件</Filter>
    </ClCompile>
    <ClCompile Include="OtherWay.cpp">
      <Filter>源文件</Filter>
    </ClCompile>
    <ClCompile Include="WarInfo.cpp">
      <Filter>源文件</Filter>
    </ClCompile>
  </ItemGroup>
  <ItemGroup>
    <None Include="WarInfo.def">
      <Filter>源文件</Filter>
    </None>
    <None Include="cpuid\cpuid.asm">
      <Filter>cpuid</Filter>
    </None>
  </ItemGroup>
  <ItemGroup>
    <ClInclude Include="CtrlWmi.h">
      <Filter>头文件</Filter>
    </ClInclude>
    <ClInclude Include="defines.h">
      <Filter>头文件</Filter>
    </ClInclude>
    <ClInclude Include="EDID.h">
      <Filter>头文件</Filter>
    </ClInclude>
    <ClInclude Include="GetWmiInfo.h">
      <Filter>头文件</Filter>
    </ClInclude>
    <ClInclude Include="HardInfo.h">
      <Filter>头文件</Filter>
    </ClInclude>
    <ClInclude Include="OtherWay.h">
      <Filter>头文件</Filter>
    </ClInclude>
    <ClInclude Include="resource.h">
      <Filter>头文件</Filter>
    </ClInclude>
    <ClInclude Include="stdafx.h">
      <Filter>头文件</Filter>
    </ClInclude>
    <ClInclude Include="targetver.h">
      <Filter>头文件</Filter>
    </ClInclude>
    <ClInclude Include="WarInfo.h">
      <Filter>头文件</Filter>
    </ClInclude>
    <ClInclude Include="cpuid\cpuid_asm.h">
      <Filter>cpuid</Filter>
    </ClInclude>
  </ItemGroup>
  <ItemGroup>
    <ResourceCompile Include="EasyWarInfo.rc">
      <Filter>资源文件</Filter>
    </ResourceCompile>
  </ItemGroup>
  <ItemGroup>
    <Text Include="ReadMe.txt" />
  </ItemGroup>
</Project>